
Microsoft Visual Studio Solution File, Format Version 12.00
# Visual Studio Version 17
VisualStudioVersion = 17.7.34221.43
MinimumVisualStudioVersion = 10.0.40219.1
Project("{FAE04EC0-301F-11D3-BF4B-00C04F79EFBC}") = "NguyenHoangKhang_Test_API_1", "NguyenHoangKhang_Test_API_1.csproj", "{7A94AC2C-D02E-4115-8262-B64E00EDD1AA}"
EndProject
Global
	GlobalSection(SolutionConfigurationPlatforms) = preSolution
		Debug|Any CPU = Debug|Any CPU
		Release|Any CPU = Release|Any CPU
	EndGlobalSection
	GlobalSection(ProjectConfigurationPlatforms) = postSolution
		{7A94AC2C-D02E-4115-8262-B64E00EDD1AA}.Debug|Any CPU.ActiveCfg = Debug|Any CPU
		{7A94AC2C-D02E-4115-8262-B64E00EDD1AA}.Debug|Any CPU.Build.0 = Debug|Any CPU
		{7A94AC2C-D02E-4115-8262-B64E00EDD1AA}.Release|Any CPU.ActiveCfg = Release|Any CPU
		{7A94AC2C-D02E-4115-8262-B64E00EDD1AA}.Release|Any CPU.Build.0 = Release|Any CPU
	EndGlobalSection
	GlobalSection(SolutionProperties) = preSolution
		HideSolutionNode = FALSE
	EndGlobalSection
	GlobalSection(ExtensibilityGlobals) = postSolution
		SolutionGuid = {A1A24F0D-AF62-4C14-9ED0-F7630CB6D734}
	EndGlobalSection
EndGlobal
